
Microsoft Visual Studio Solution File, Format Version 12.00
# Visual Studio Version 16
VisualStudioVersion = 16.0.30621.155
MinimumVisualStudioVersion = 10.0.40219.1
Project("{9A19103F-16F7-4668-BE54-9A1E7A4F7556}") = "Day 01 - Report Repair", "Day 01 - Report Repair\Day 01 - Report Repair.csproj", "{E4A01143-831C-4D0F-AE40-C45F6E517FD9}"
EndProject
Project("{9A19103F-16F7-4668-BE54-9A1E7A4F7556}") = "Day 02 - Password Philosophy", "Day 02 - Password Philosophy\Day 02 - Password Philosophy.csproj", "{2D27E426-5A7D-4FFE-BB95-C48F397C9C43}"
EndProject
Project("{9A19103F-16F7-4668-BE54-9A1E7A4F7556}") = "Day 03 - Toboggan Trajectory", "Day 03 - Toboggan Trajectory\Day 03 - Toboggan Trajectory.csproj", "{33ADA1EA-0F86-49C0-817B-ACD81F13DB14}"
EndProject
Project("{9A19103F-16F7-4668-BE54-9A1E7A4F7556}") = "Day 04 - Passport Processing", "Day 04 - Passport Processing\Day 04 - Passport Processing.csproj", "{18FC65AE-89FE-470F-BBC3-3F537FF6C56E}"
EndProject
Project("{9A19103F-16F7-4668-BE54-9A1E7A4F7556}") = "Day 05 - Binary Boarding", "Day 05 - Binary Boarding\Day 05 - Binary Boarding.csproj", "{87B81A48-FBD7-4C11-9B41-55B4B1739395}"
EndProject
Project("{9A19103F-16F7-4668-BE54-9A1E7A4F7556}") = "Day 06 - Custom Customs", "Day 06 - Custom Customs\Day 06 - Custom Customs.csproj", "{4DD1A4E3-ADE9-4DBA-8BE2-0B66C09F3EEC}"
EndProject
Project("{9A19103F-16F7-4668-BE54-9A1E7A4F7556}") = "Day 07 - Handy Haversacks", "Day 07 - Handy Haversacks\Day 07 - Handy Haversacks.csproj", "{1AD0B9E7-7EDC-4F21-B0C7-50CA7109D7F2}"
EndProject
Project("{FAE04EC0-301F-11D3-BF4B-00C04F79EFBC}") = "Day 08 - Handheld Halting", "Day 08 - Handheld Halting\Day 08 - Handheld Halting.csproj", "{6EFC0969-58A6-44C8-A679-148901085B77}"
EndProject
Global
	GlobalSection(SolutionConfigurationPlatforms) = preSolution
		Debug|Any CPU = Debug|Any CPU
		Release|Any CPU = Release|Any CPU
	EndGlobalSection
	GlobalSection(ProjectConfigurationPlatforms) = postSolution
		{E4A01143-831C-4D0F-AE40-C45F6E517FD9}.Debug|Any CPU.ActiveCfg = Debug|Any CPU
		{E4A01143-831C-4D0F-AE40-C45F6E517FD9}.Debug|Any CPU.Build.0 = Debug|Any CPU
		{E4A01143-831C-4D0F-AE40-C45F6E517FD9}.Release|Any CPU.ActiveCfg = Release|Any CPU
		{E4A01143-831C-4D0F-AE40-C45F6E517FD9}.Release|Any CPU.Build.0 = Release|Any CPU
		{2D27E426-5A7D-4FFE-BB95-C48F397C9C43}.Debug|Any CPU.ActiveCfg = Debug|Any CPU
		{2D27E426-5A7D-4FFE-BB95-C48F397C9C43}.Debug|Any CPU.Build.0 = Debug|Any CPU
		{2D27E426-5A7D-4FFE-BB95-C48F397C9C43}.Release|Any CPU.ActiveCfg = Release|Any CPU
		{2D27E426-5A7D-4FFE-BB95-C48F397C9C43}.Release|Any CPU.Build.0 = Release|Any CPU
		{33ADA1EA-0F86-49C0-817B-ACD81F13DB14}.Debug|Any CPU.ActiveCfg = Debug|Any CPU
		{33ADA1EA-0F86-49C0-817B-ACD81F13DB14}.Debug|Any CPU.Build.0 = Debug|Any CPU
		{33ADA1EA-0F86-49C0-817B-ACD81F13DB14}.Release|Any CPU.ActiveCfg = Release|Any CPU
		{33ADA1EA-0F86-49C0-817B-ACD81F13DB14}.Release|Any CPU.Build.0 = Release|Any CPU
		{18FC65AE-89FE-470F-BBC3-3F537FF6C56E}.Debug|Any CPU.ActiveCfg = Debug|Any CPU
		{18FC65AE-89FE-470F-BBC3-3F537FF6C56E}.Debug|Any CPU.Build.0 = Debug|Any CPU
		{18FC65AE-89FE-470F-BBC3-3F537FF6C56E}.Release|Any CPU.ActiveCfg = Release|Any CPU
		{18FC65AE-89FE-470F-BBC3-3F537FF6C56E}.Release|Any CPU.Build.0 = Release|Any CPU
		{87B81A48-FBD7-4C11-9B41-55B4B1739395}.Debug|Any CPU.ActiveCfg = Debug|Any CPU
		{87B81A48-FBD7-4C11-9B41-55B4B1739395}.Debug|Any CPU.Build.0 = Debug|Any CPU
		{87B81A48-FBD7-4C11-9B41-55B4B1739395}.Release|Any CPU.ActiveCfg = Release|Any CPU
		{87B81A48-FBD7-4C11-9B41-55B4B1739395}.Release|Any CPU.Build.0 = Release|Any CPU
		{4DD1A4E3-ADE9-4DBA-8BE2-0B66C09F3EEC}.Debug|Any CPU.ActiveCfg = Debug|Any CPU
		{4DD1A4E3-ADE9-4DBA-8BE2-0B66C09F3EEC}.Debug|Any CPU.Build.0 = Debug|Any CPU
		{4DD1A4E3-ADE9-4DBA-8BE2-0B66C09F3EEC}.Release|Any CPU.ActiveCfg = Release|Any CPU
		{4DD1A4E3-ADE9-4DBA-8BE2-0B66C09F3EEC}.Release|Any CPU.Build.0 = Release|Any CPU
		{1AD0B9E7-7EDC-4F21-B0C7-50CA7109D7F2}.Debug|Any CPU.ActiveCfg = Debug|Any CPU
		{1AD0B9E7-7EDC-4F21-B0C7-50CA7109D7F2}.Debug|Any CPU.Build.0 = Debug|Any CPU
		{1AD0B9E7-7EDC-4F21-B0C7-50CA7109D7F2}.Release|Any CPU.ActiveCfg = Release|Any CPU
		{1AD0B9E7-7EDC-4F21-B0C7-50CA7109D7F2}.Release|Any CPU.Build.0 = Release|Any CPU
		{6EFC0969-58A6-44C8-A679-148901085B77}.Debug|Any CPU.ActiveCfg = Debug|Any CPU
		{6EFC0969-58A6-44C8-A679-148901085B77}.Debug|Any CPU.Build.0 = Debug|Any CPU
		{6EFC0969-58A6-44C8-A679-148901085B77}.Release|Any CPU.ActiveCfg = Release|Any CPU
		{6EFC0969-58A6-44C8-A679-148901085B77}.Release|Any CPU.Build.0 = Release|Any CPU
	EndGlobalSection
	GlobalSection(SolutionProperties) = preSolution
		HideSolutionNode = FALSE
	EndGlobalSection
	GlobalSection(ExtensibilityGlobals) = postSolution
		SolutionGuid = {7952826E-822C-4812-86F9-17CC8126C7AE}
	EndGlobalSection
EndGlobal
